
Microsoft Visual Studio Solution File, Format Version 12.00
# Visual Studio Version 16
VisualStudioVersion = 16.0.32228.343
MinimumVisualStudioVersion = 10.0.40219.1
Project("{2150E333-8FDC-42A3-9474-1A3956D46DE8}") = "Applications", "Applications", "{3E9EA160-70EF-487D-BBE1-38F04AE80610}"
EndProject
Project("{2150E333-8FDC-42A3-9474-1A3956D46DE8}") = "Libraries", "Libraries", "{4FA93512-1496-4B0D-8D3C-3CA747259AC2}"
EndProject
Project("{FAE04EC0-301F-11D3-BF4B-00C04F79EFBC}") = "SV18T1021314.Web", "SV18T1021314.Web\SV18T1021314.Web.csproj", "{E1E86391-E2CE-471E-9E1B-8EAC859EB71B}"
EndProject
Project("{FAE04EC0-301F-11D3-BF4B-00C04F79EFBC}") = "SV18T1021314.DomainModel", "SV18T1021314.DomainModel\SV18T1021314.DomainModel.csproj", "{312819A4-6E1C-4ECE-9B3D-B85D77F983F0}"
EndProject
Project("{FAE04EC0-301F-11D3-BF4B-00C04F79EFBC}") = "SV18T1021314.DataLayer", "SV18T1021314.DataLayer\SV18T1021314.DataLayer.csproj", "{D9763C8A-5313-4254-A3A0-905F78E4A997}"
EndProject
Project("{FAE04EC0-301F-11D3-BF4B-00C04F79EFBC}") = "SV18T1021314.BusinessLayer", "18T1021314.BusinessLayer\SV18T1021314.BusinessLayer.csproj", "{57758791-0466-405D-886A-020587957E63}"
EndProject
Global
	GlobalSection(SolutionConfigurationPlatforms) = preSolution
		Debug|Any CPU = Debug|Any CPU
		Release|Any CPU = Release|Any CPU
	EndGlobalSection
	GlobalSection(ProjectConfigurationPlatforms) = postSolution
		{E1E86391-E2CE-471E-9E1B-8EAC859EB71B}.Debug|Any CPU.ActiveCfg = Debug|Any CPU
		{E1E86391-E2CE-471E-9E1B-8EAC859EB71B}.Debug|Any CPU.Build.0 = Debug|Any CPU
		{E1E86391-E2CE-471E-9E1B-8EAC859EB71B}.Release|Any CPU.ActiveCfg = Release|Any CPU
		{E1E86391-E2CE-471E-9E1B-8EAC859EB71B}.Release|Any CPU.Build.0 = Release|Any CPU
		{312819A4-6E1C-4ECE-9B3D-B85D77F983F0}.Debug|Any CPU.ActiveCfg = Debug|Any CPU
		{312819A4-6E1C-4ECE-9B3D-B85D77F983F0}.Debug|Any CPU.Build.0 = Debug|Any CPU
		{312819A4-6E1C-4ECE-9B3D-B85D77F983F0}.Release|Any CPU.ActiveCfg = Release|Any CPU
		{312819A4-6E1C-4ECE-9B3D-B85D77F983F0}.Release|Any CPU.Build.0 = Release|Any CPU
		{D9763C8A-5313-4254-A3A0-905F78E4A997}.Debug|Any CPU.ActiveCfg = Debug|Any CPU
		{D9763C8A-5313-4254-A3A0-905F78E4A997}.Debug|Any CPU.Build.0 = Debug|Any CPU
		{D9763C8A-5313-4254-A3A0-905F78E4A997}.Release|Any CPU.ActiveCfg = Release|Any CPU
		{D9763C8A-5313-4254-A3A0-905F78E4A997}.Release|Any CPU.Build.0 = Release|Any CPU
		{57758791-0466-405D-886A-020587957E63}.Debug|Any CPU.ActiveCfg = Debug|Any CPU
		{57758791-0466-405D-886A-020587957E63}.Debug|Any CPU.Build.0 = Debug|Any CPU
		{57758791-0466-405D-886A-020587957E63}.Release|Any CPU.ActiveCfg = Release|Any CPU
		{57758791-0466-405D-886A-020587957E63}.Release|Any CPU.Build.0 = Release|Any CPU
	EndGlobalSection
	GlobalSection(SolutionProperties) = preSolution
		HideSolutionNode = FALSE
	EndGlobalSection
	GlobalSection(NestedProjects) = preSolution
		{E1E86391-E2CE-471E-9E1B-8EAC859EB71B} = {3E9EA160-70EF-487D-BBE1-38F04AE80610}
		{312819A4-6E1C-4ECE-9B3D-B85D77F983F0} = {4FA93512-1496-4B0D-8D3C-3CA747259AC2}
		{D9763C8A-5313-4254-A3A0-905F78E4A997} = {4FA93512-1496-4B0D-8D3C-3CA747259AC2}
		{57758791-0466-405D-886A-020587957E63} = {4FA93512-1496-4B0D-8D3C-3CA747259AC2}
	EndGlobalSection
	GlobalSection(ExtensibilityGlobals) = postSolution
		SolutionGuid = {28C7C662-7613-453B-8D66-A08353896C66}
	EndGlobalSection
EndGlobal
